
Microsoft Visual Studio Solution File, Format Version 12.00
# Visual Studio Version 16
VisualStudioVersion = 16.0.29324.140
MinimumVisualStudioVersion = 10.0.40219.1
Project("{FAE04EC0-301F-11D3-BF4B-00C04F79EFBC}") = "Wpfnetframework", "Wpfnetframework.csproj", "{1DF8DF6F-49A5-461D-8C72-B5A051E2765C}"
EndProject
Global
	GlobalSection(SolutionConfigurationPlatforms) = preSolution
		Debug|Any CPU = Debug|Any CPU
		Release|Any CPU = Release|Any CPU
	EndGlobalSection
	GlobalSection(ProjectConfigurationPlatforms) = postSolution
		{1DF8DF6F-49A5-461D-8C72-B5A051E2765C}.Debug|Any CPU.ActiveCfg = Debug|Any CPU
		{1DF8DF6F-49A5-461D-8C72-B5A051E2765C}.Debug|Any CPU.Build.0 = Debug|Any CPU
		{1DF8DF6F-49A5-461D-8C72-B5A051E2765C}.Release|Any CPU.ActiveCfg = Release|Any CPU
		{1DF8DF6F-49A5-461D-8C72-B5A051E2765C}.Release|Any CPU.Build.0 = Release|Any CPU
	EndGlobalSection
	GlobalSection(SolutionProperties) = preSolution
		HideSolutionNode = FALSE
	EndGlobalSection
	GlobalSection(ExtensibilityGlobals) = postSolution
		SolutionGuid = {D4093502-2BB6-409C-9844-3CDCBAE82709}
	EndGlobalSection
EndGlobal
